{
  "name": "node",
  "lockfileVersion": 3,
  "requires": true,
  "packages": {
    "": {
      "dependencies": {
        "fastintcompression": "^0.1.0"
      }
    },
    "node_modules/fastintcompression": {
      "version": "0.1.0",
      "resolved": "https://registry.npmjs.org/fastintcompression/-/fastintcompression-0.1.0.tgz",
      "integrity": "sha512-RlsnlUkjFqEHWENduHN2IoefCv7EaYdENnHvpo5MimPjHjv7U9TDCBpEKOu3a9spt9944yAhAmqU9VpOW0lnEA=="
    }
  }
}
